
Microsoft Visual Studio Solution File, Format Version 12.00
# Visual Studio Version 17
VisualStudioVersion = 17.5.33516.290
MinimumVisualStudioVersion = 10.0.40219.1
Project("{FAE04EC0-301F-11D3-BF4B-00C04F79EFBC}") = "ASP.NET Core WebApp1", "ASP.NET Core WebApp1.csproj", "{F692E639-3F2A-4D77-B81E-5C1B20C9DB9B}"
EndProject
Global
	GlobalSection(SolutionConfigurationPlatforms) = preSolution
		Debug|Any CPU = Debug|Any CPU
		Release|Any CPU = Release|Any CPU
	EndGlobalSection
	GlobalSection(ProjectConfigurationPlatforms) = postSolution
		{F692E639-3F2A-4D77-B81E-5C1B20C9DB9B}.Debug|Any CPU.ActiveCfg = Debug|Any CPU
		{F692E639-3F2A-4D77-B81E-5C1B20C9DB9B}.Debug|Any CPU.Build.0 = Debug|Any CPU
		{F692E639-3F2A-4D77-B81E-5C1B20C9DB9B}.Release|Any CPU.ActiveCfg = Release|Any CPU
		{F692E639-3F2A-4D77-B81E-5C1B20C9DB9B}.Release|Any CPU.Build.0 = Release|Any CPU
	EndGlobalSection
	GlobalSection(SolutionProperties) = preSolution
		HideSolutionNode = FALSE
	EndGlobalSection
	GlobalSection(ExtensibilityGlobals) = postSolution
		SolutionGuid = {8015DB85-D673-4261-941B-FF121664148A}
	EndGlobalSection
EndGlobal
